
Microsoft Visual Studio Solution File, Format Version 12.00
# Visual Studio 14
VisualStudioVersion = 14.0.24720.0
MinimumVisualStudioVersion = 10.0.40219.1
Project("{2150E333-8FDC-42A3-9474-1A3956D46DE8}") = "Source", "Source", "{F9255F03-2CAF-4355-82CD-2F0DE1E22819}"
EndProject
Project("{2150E333-8FDC-42A3-9474-1A3956D46DE8}") = "Tests", "Tests", "{EDF02D66-7D4D-4314-87C9-EC23B9EFB7A2}"
EndProject
Project("{FAE04EC0-301F-11D3-BF4B-00C04F79EFBC}") = "ExtenCiv", "Source\ExtenCiv\ExtenCiv.csproj", "{1E603DFF-C2F4-46F0-9065-C5D2301B4C3B}"
EndProject
Project("{FAE04EC0-301F-11D3-BF4B-00C04F79EFBC}") = "ExtenCiv.CompositionRoot", "Source\ExtenCiv.CompositionRoot\ExtenCiv.CompositionRoot.csproj", "{C9DD6ABD-563E-4407-91C6-B3E598F684BB}"
EndProject
Project("{FAE04EC0-301F-11D3-BF4B-00C04F79EFBC}") = "ExtenCiv.CompositionRoot.PoorMan", "Source\ExtenCiv.CompositionRoot.PoorMan\ExtenCiv.CompositionRoot.PoorMan.csproj", "{FE7F371A-C4A4-4BB6-BADF-A5845E6FE101}"
EndProject
Project("{FAE04EC0-301F-11D3-BF4B-00C04F79EFBC}") = "ExtenCiv.CompositionRoot.Autofac", "Source\ExtenCiv.CompositionRoot.Autofac\ExtenCiv.CompositionRoot.Autofac.csproj", "{7088D60D-1A99-493C-A1FE-D8E1FEC4280D}"
EndProject
Project("{FAE04EC0-301F-11D3-BF4B-00C04F79EFBC}") = "ExtenCiv.CompositionRoot.LightInject", "Source\ExtenCiv.CompositionRoot.LightInject\ExtenCiv.CompositionRoot.LightInject.csproj", "{841B335C-0FA9-4C8A-9D4C-3038E8BF1E0B}"
EndProject
Project("{FAE04EC0-301F-11D3-BF4B-00C04F79EFBC}") = "ExtenCiv.CompositionRoot.Ninject", "Source\ExtenCiv.CompositionRoot.Ninject\ExtenCiv.CompositionRoot.Ninject.csproj", "{8CD35A6D-6222-469F-A571-DF5A5EB40C2E}"
EndProject
Project("{FAE04EC0-301F-11D3-BF4B-00C04F79EFBC}") = "ExtenCiv.CompositionRoot.SimpleInjector", "Source\ExtenCiv.CompositionRoot.SimpleInjector\ExtenCiv.CompositionRoot.SimpleInjector.csproj", "{49A8DE5F-FBD1-46EB-86C0-4F9A7061717F}"
EndProject
Project("{FAE04EC0-301F-11D3-BF4B-00C04F79EFBC}") = "ExtenCiv.CompositionRoot.StructureMap", "Source\ExtenCiv.CompositionRoot.StructureMap\ExtenCiv.CompositionRoot.StructureMap.csproj", "{05591942-B87E-4B06-AA31-7B2F8AC19CE4}"
EndProject
Project("{FAE04EC0-301F-11D3-BF4B-00C04F79EFBC}") = "ExtenCiv.CompositionRoot.Unity", "Source\ExtenCiv.CompositionRoot.Unity\ExtenCiv.CompositionRoot.Unity.csproj", "{F9751F30-675F-4393-88A1-FF7F467836BA}"
EndProject
Project("{FAE04EC0-301F-11D3-BF4B-00C04F79EFBC}") = "ExtenCiv.CompositionRoot.Windsor", "Source\ExtenCiv.CompositionRoot.Windsor\ExtenCiv.CompositionRoot.Windsor.csproj", "{5CEFA666-FA3F-4A8F-B2CC-4C69CDB36499}"
EndProject
Project("{FAE04EC0-301F-11D3-BF4B-00C04F79EFBC}") = "ExtenCiv.Utilities", "Source\ExtenCiv.Utilities\ExtenCiv.Utilities.csproj", "{071314CA-B272-4680-96E9-19FB526735AE}"
EndProject
Project("{FAE04EC0-301F-11D3-BF4B-00C04F79EFBC}") = "ExtenCiv.Benchmarks", "Tests\ExtenCiv.Benchmarks\ExtenCiv.Benchmarks.csproj", "{18A51EF3-E793-4C1B-86B5-D9DB5D283DFB}"
EndProject
Project("{FAE04EC0-301F-11D3-BF4B-00C04F79EFBC}") = "ExtenCiv.Tests.Integration", "Tests\ExtenCiv.Tests.Integration\ExtenCiv.Tests.Integration.csproj", "{9F75E69C-3763-48AE-8B6F-C28D05A20757}"
EndProject
Project("{FAE04EC0-301F-11D3-BF4B-00C04F79EFBC}") = "ExtenCiv.Tests.Unit", "Tests\ExtenCiv.Tests.Unit\ExtenCiv.Tests.Unit.csproj", "{F9FDB352-E7B8-4B37-B14F-BA7C4C3059BF}"
EndProject
Project("{FAE04EC0-301F-11D3-BF4B-00C04F79EFBC}") = "ExtenCiv.Tests.Utilities", "Tests\ExtenCiv.Tests.Utilities\ExtenCiv.Tests.Utilities.csproj", "{17BA0365-60FE-4CC2-BA99-FC71FFD4B9E7}"
EndProject
Project("{FAE04EC0-301F-11D3-BF4B-00C04F79EFBC}") = "ExtenCiv.CompositionRoot.DryIoc", "Source\ExtenCiv.CompositionRoot.DryIoc\ExtenCiv.CompositionRoot.DryIoc.csproj", "{1D694B0C-50C1-441F-83F1-A5312C563D3A}"
EndProject
Global
	GlobalSection(SolutionConfigurationPlatforms) = preSolution
		Debug|Any CPU = Debug|Any CPU
		Release|Any CPU = Release|Any CPU
	EndGlobalSection
	GlobalSection(ProjectConfigurationPlatforms) = postSolution
		{1E603DFF-C2F4-46F0-9065-C5D2301B4C3B}.Debug|Any CPU.ActiveCfg = Debug|Any CPU
		{1E603DFF-C2F4-46F0-9065-C5D2301B4C3B}.Debug|Any CPU.Build.0 = Debug|Any CPU
		{1E603DFF-C2F4-46F0-9065-C5D2301B4C3B}.Release|Any CPU.ActiveCfg = Release|Any CPU
		{1E603DFF-C2F4-46F0-9065-C5D2301B4C3B}.Release|Any CPU.Build.0 = Release|Any CPU
		{C9DD6ABD-563E-4407-91C6-B3E598F684BB}.Debug|Any CPU.ActiveCfg = Debug|Any CPU
		{C9DD6ABD-563E-4407-91C6-B3E598F684BB}.Debug|Any CPU.Build.0 = Debug|Any CPU
		{C9DD6ABD-563E-4407-91C6-B3E598F684BB}.Release|Any CPU.ActiveCfg = Release|Any CPU
		{C9DD6ABD-563E-4407-91C6-B3E598F684BB}.Release|Any CPU.Build.0 = Release|Any CPU
		{FE7F371A-C4A4-4BB6-BADF-A5845E6FE101}.Debug|Any CPU.ActiveCfg = Debug|Any CPU
		{FE7F371A-C4A4-4BB6-BADF-A5845E6FE101}.Debug|Any CPU.Build.0 = Debug|Any CPU
		{FE7F371A-C4A4-4BB6-BADF-A5845E6FE101}.Release|Any CPU.ActiveCfg = Release|Any CPU
		{FE7F371A-C4A4-4BB6-BADF-A5845E6FE101}.Release|Any CPU.Build.0 = Release|Any CPU
		{7088D60D-1A99-493C-A1FE-D8E1FEC4280D}.Debug|Any CPU.ActiveCfg = Debug|Any CPU
		{7088D60D-1A99-493C-A1FE-D8E1FEC4280D}.Debug|Any CPU.Build.0 = Debug|Any CPU
		{7088D60D-1A99-493C-A1FE-D8E1FEC4280D}.Release|Any CPU.ActiveCfg = Release|Any CPU
		{7088D60D-1A99-493C-A1FE-D8E1FEC4280D}.Release|Any CPU.Build.0 = Release|Any CPU
		{841B335C-0FA9-4C8A-9D4C-3038E8BF1E0B}.Debug|Any CPU.ActiveCfg = Debug|Any CPU
		{841B335C-0FA9-4C8A-9D4C-3038E8BF1E0B}.Debug|Any CPU.Build.0 = Debug|Any CPU
		{841B335C-0FA9-4C8A-9D4C-3038E8BF1E0B}.Release|Any CPU.ActiveCfg = Release|Any CPU
		{841B335C-0FA9-4C8A-9D4C-3038E8BF1E0B}.Release|Any CPU.Build.0 = Release|Any CPU
		{8CD35A6D-6222-469F-A571-DF5A5EB40C2E}.Debug|Any CPU.ActiveCfg = Debug|Any CPU
		{8CD35A6D-6222-469F-A571-DF5A5EB40C2E}.Debug|Any CPU.Build.0 = Debug|Any CPU
		{8CD35A6D-6222-469F-A571-DF5A5EB40C2E}.Release|Any CPU.ActiveCfg = Release|Any CPU
		{8CD35A6D-6222-469F-A571-DF5A5EB40C2E}.Release|Any CPU.Build.0 = Release|Any CPU
		{49A8DE5F-FBD1-46EB-86C0-4F9A7061717F}.Debug|Any CPU.ActiveCfg = Debug|Any CPU
		{49A8DE5F-FBD1-46EB-86C0-4F9A7061717F}.Debug|Any CPU.Build.0 = Debug|Any CPU
		{49A8DE5F-FBD1-46EB-86C0-4F9A7061717F}.Release|Any CPU.ActiveCfg = Release|Any CPU
		{49A8DE5F-FBD1-46EB-86C0-4F9A7061717F}.Release|Any CPU.Build.0 = Release|Any CPU
		{05591942-B87E-4B06-AA31-7B2F8AC19CE4}.Debug|Any CPU.ActiveCfg = Debug|Any CPU
		{05591942-B87E-4B06-AA31-7B2F8AC19CE4}.Debug|Any CPU.Build.0 = Debug|Any CPU
		{05591942-B87E-4B06-AA31-7B2F8AC19CE4}.Release|Any CPU.ActiveCfg = Release|Any CPU
		{05591942-B87E-4B06-AA31-7B2F8AC19CE4}.Release|Any CPU.Build.0 = Release|Any CPU
		{F9751F30-675F-4393-88A1-FF7F467836BA}.Debug|Any CPU.ActiveCfg = Debug|Any CPU
		{F9751F30-675F-4393-88A1-FF7F467836BA}.Debug|Any CPU.Build.0 = Debug|Any CPU
		{F9751F30-675F-4393-88A1-FF7F467836BA}.Release|Any CPU.ActiveCfg = Release|Any CPU
		{F9751F30-675F-4393-88A1-FF7F467836BA}.Release|Any CPU.Build.0 = Release|Any CPU
		{5CEFA666-FA3F-4A8F-B2CC-4C69CDB36499}.Debug|Any CPU.ActiveCfg = Debug|Any CPU
		{5CEFA666-FA3F-4A8F-B2CC-4C69CDB36499}.Debug|Any CPU.Build.0 = Debug|Any CPU
		{5CEFA666-FA3F-4A8F-B2CC-4C69CDB36499}.Release|Any CPU.ActiveCfg = Release|Any CPU
		{5CEFA666-FA3F-4A8F-B2CC-4C69CDB36499}.Release|Any CPU.Build.0 = Release|Any CPU
		{071314CA-B272-4680-96E9-19FB526735AE}.Debug|Any CPU.ActiveCfg = Debug|Any CPU
		{071314CA-B272-4680-96E9-19FB526735AE}.Debug|Any CPU.Build.0 = Debug|Any CPU
		{071314CA-B272-4680-96E9-19FB526735AE}.Release|Any CPU.ActiveCfg = Release|Any CPU
		{071314CA-B272-4680-96E9-19FB526735AE}.Release|Any CPU.Build.0 = Release|Any CPU
		{18A51EF3-E793-4C1B-86B5-D9DB5D283DFB}.Debug|Any CPU.ActiveCfg = Debug|Any CPU
		{18A51EF3-E793-4C1B-86B5-D9DB5D283DFB}.Debug|Any CPU.Build.0 = Debug|Any CPU
		{18A51EF3-E793-4C1B-86B5-D9DB5D283DFB}.Debug|Any CPU.Deploy.0 = Debug|Any CPU
		{18A51EF3-E793-4C1B-86B5-D9DB5D283DFB}.Release|Any CPU.ActiveCfg = Release|Any CPU
		{18A51EF3-E793-4C1B-86B5-D9DB5D283DFB}.Release|Any CPU.Build.0 = Release|Any CPU
		{9F75E69C-3763-48AE-8B6F-C28D05A20757}.Debug|Any CPU.ActiveCfg = Debug|Any CPU
		{9F75E69C-3763-48AE-8B6F-C28D05A20757}.Debug|Any CPU.Build.0 = Debug|Any CPU
		{9F75E69C-3763-48AE-8B6F-C28D05A20757}.Release|Any CPU.ActiveCfg = Debug|Any CPU
		{9F75E69C-3763-48AE-8B6F-C28D05A20757}.Release|Any CPU.Build.0 = Debug|Any CPU
		{F9FDB352-E7B8-4B37-B14F-BA7C4C3059BF}.Debug|Any CPU.ActiveCfg = Debug|Any CPU
		{F9FDB352-E7B8-4B37-B14F-BA7C4C3059BF}.Debug|Any CPU.Build.0 = Debug|Any CPU
		{F9FDB352-E7B8-4B37-B14F-BA7C4C3059BF}.Release|Any CPU.ActiveCfg = Debug|Any CPU
		{F9FDB352-E7B8-4B37-B14F-BA7C4C3059BF}.Release|Any CPU.Build.0 = Debug|Any CPU
		{17BA0365-60FE-4CC2-BA99-FC71FFD4B9E7}.Debug|Any CPU.ActiveCfg = Debug|Any CPU
		{17BA0365-60FE-4CC2-BA99-FC71FFD4B9E7}.Debug|Any CPU.Build.0 = Debug|Any CPU
		{17BA0365-60FE-4CC2-BA99-FC71FFD4B9E7}.Release|Any CPU.ActiveCfg = Debug|Any CPU
		{17BA0365-60FE-4CC2-BA99-FC71FFD4B9E7}.Release|Any CPU.Build.0 = Debug|Any CPU
		{1D694B0C-50C1-441F-83F1-A5312C563D3A}.Debug|Any CPU.ActiveCfg = Debug|Any CPU
		{1D694B0C-50C1-441F-83F1-A5312C563D3A}.Debug|Any CPU.Build.0 = Debug|Any CPU
		{1D694B0C-50C1-441F-83F1-A5312C563D3A}.Release|Any CPU.ActiveCfg = Release|Any CPU
		{1D694B0C-50C1-441F-83F1-A5312C563D3A}.Release|Any CPU.Build.0 = Release|Any CPU
	EndGlobalSection
	GlobalSection(SolutionProperties) = preSolution
		HideSolutionNode = FALSE
	EndGlobalSection
	GlobalSection(NestedProjects) = preSolution
		{1E603DFF-C2F4-46F0-9065-C5D2301B4C3B} = {F9255F03-2CAF-4355-82CD-2F0DE1E22819}
		{C9DD6ABD-563E-4407-91C6-B3E598F684BB} = {F9255F03-2CAF-4355-82CD-2F0DE1E22819}
		{FE7F371A-C4A4-4BB6-BADF-A5845E6FE101} = {F9255F03-2CAF-4355-82CD-2F0DE1E22819}
		{7088D60D-1A99-493C-A1FE-D8E1FEC4280D} = {F9255F03-2CAF-4355-82CD-2F0DE1E22819}
		{841B335C-0FA9-4C8A-9D4C-3038E8BF1E0B} = {F9255F03-2CAF-4355-82CD-2F0DE1E22819}
		{8CD35A6D-6222-469F-A571-DF5A5EB40C2E} = {F9255F03-2CAF-4355-82CD-2F0DE1E22819}
		{49A8DE5F-FBD1-46EB-86C0-4F9A7061717F} = {F9255F03-2CAF-4355-82CD-2F0DE1E22819}
		{05591942-B87E-4B06-AA31-7B2F8AC19CE4} = {F9255F03-2CAF-4355-82CD-2F0DE1E22819}
		{F9751F30-675F-4393-88A1-FF7F467836BA} = {F9255F03-2CAF-4355-82CD-2F0DE1E22819}
		{5CEFA666-FA3F-4A8F-B2CC-4C69CDB36499} = {F9255F03-2CAF-4355-82CD-2F0DE1E22819}
		{071314CA-B272-4680-96E9-19FB526735AE} = {F9255F03-2CAF-4355-82CD-2F0DE1E22819}
		{18A51EF3-E793-4C1B-86B5-D9DB5D283DFB} = {EDF02D66-7D4D-4314-87C9-EC23B9EFB7A2}
		{9F75E69C-3763-48AE-8B6F-C28D05A20757} = {EDF02D66-7D4D-4314-87C9-EC23B9EFB7A2}
		{F9FDB352-E7B8-4B37-B14F-BA7C4C3059BF} = {EDF02D66-7D4D-4314-87C9-EC23B9EFB7A2}
		{17BA0365-60FE-4CC2-BA99-FC71FFD4B9E7} = {EDF02D66-7D4D-4314-87C9-EC23B9EFB7A2}
		{1D694B0C-50C1-441F-83F1-A5312C563D3A} = {F9255F03-2CAF-4355-82CD-2F0DE1E22819}
	EndGlobalSection
EndGlobal
