
Microsoft Visual Studio Solution File, Format Version 12.00
# Visual Studio 14
VisualStudioVersion = 14.0.23107.0
MinimumVisualStudioVersion = 10.0.40219.1
Project("{2150E333-8FDC-42A3-9474-1A3956D46DE8}") = "Source", "Source", "{F9255F03-2CAF-4355-82CD-2F0DE1E22819}"
EndProject
Project("{2150E333-8FDC-42A3-9474-1A3956D46DE8}") = "Tests", "Tests", "{EDF02D66-7D4D-4314-87C9-EC23B9EFB7A2}"
EndProject
Project("{FAE04EC0-301F-11D3-BF4B-00C04F79EFBC}") = "ExtenCiv", "Source\ExtenCiv\ExtenCiv.csproj", "{1E603DFF-C2F4-46F0-9065-C5D2301B4C3B}"
EndProject
Project("{FAE04EC0-301F-11D3-BF4B-00C04F79EFBC}") = "ExtenCiv.Autofac", "Source\ExtenCiv.Autofac\ExtenCiv.Autofac.csproj", "{E2932950-A841-4BCF-88EA-7F55831BBBC6}"
EndProject
Project("{FAE04EC0-301F-11D3-BF4B-00C04F79EFBC}") = "ExtenCiv.Tests.Autofac", "Tests\ExtenCiv.Tests.Autofac\ExtenCiv.Tests.Autofac.csproj", "{24745466-B66A-42CD-A497-82E471E6060A}"
EndProject
Project("{FAE04EC0-301F-11D3-BF4B-00C04F79EFBC}") = "ExtenCiv.Utilities", "Tests\ExtenCiv.Utilities\ExtenCiv.Utilities.csproj", "{20CA5CED-D1B1-4237-9482-354B3B520679}"
EndProject
Project("{FAE04EC0-301F-11D3-BF4B-00C04F79EFBC}") = "ExtenCiv.Tests", "Tests\ExtenCiv.Tests\ExtenCiv.Tests.csproj", "{F9FDB352-E7B8-4B37-B14F-BA7C4C3059BF}"
EndProject
Project("{FAE04EC0-301F-11D3-BF4B-00C04F79EFBC}") = "ExtenCiv.DryIoc", "Source\ExtenCiv.DryIoc\ExtenCiv.DryIoc.csproj", "{BA454930-8988-48E9-8D96-1153AE1FA795}"
EndProject
Project("{FAE04EC0-301F-11D3-BF4B-00C04F79EFBC}") = "ExtenCiv.MEF", "Source\ExtenCiv.MEF\ExtenCiv.MEF.csproj", "{4310269A-9750-4BB2-ACA6-7ABC8A1E271C}"
EndProject
Project("{FAE04EC0-301F-11D3-BF4B-00C04F79EFBC}") = "ExtenCiv.Ninject", "Source\ExtenCiv.Ninject\ExtenCiv.Ninject.csproj", "{95230795-FEEE-496C-8688-A5D57FC5062B}"
EndProject
Project("{FAE04EC0-301F-11D3-BF4B-00C04F79EFBC}") = "ExtenCiv.Spring", "Source\ExtenCiv.Spring\ExtenCiv.Spring.csproj", "{5C2384E6-5FA1-43C5-B861-7D06A9E76A9B}"
EndProject
Project("{FAE04EC0-301F-11D3-BF4B-00C04F79EFBC}") = "ExtenCiv.StructureMap", "Source\ExtenCiv.StructureMap\ExtenCiv.StructureMap.csproj", "{3E0C6353-3A34-4382-87C5-0D26619F18A0}"
EndProject
Project("{FAE04EC0-301F-11D3-BF4B-00C04F79EFBC}") = "ExtenCiv.TinyIoC", "Source\ExtenCiv.TinyIoC\ExtenCiv.TinyIoC.csproj", "{AC95DD3B-98DA-499B-89B5-06953EF1DDEB}"
EndProject
Project("{FAE04EC0-301F-11D3-BF4B-00C04F79EFBC}") = "ExtenCiv.Unity", "Source\ExtenCiv.Unity\ExtenCiv.Unity.csproj", "{3BF2C0A6-461F-436D-9AD6-88B98417DFBE}"
EndProject
Project("{FAE04EC0-301F-11D3-BF4B-00C04F79EFBC}") = "ExtenCiv.Windsor", "Source\ExtenCiv.Windsor\ExtenCiv.Windsor.csproj", "{A08E856C-EF9E-4FE7-AB82-80D777F8006C}"
EndProject
Project("{FAE04EC0-301F-11D3-BF4B-00C04F79EFBC}") = "ExtenCiv.Tests.DryIoc", "Tests\ExtenCiv.Tests.DryIoc\ExtenCiv.Tests.DryIoc.csproj", "{EEA1CA7A-7273-4FAC-9B44-13B968E7BF08}"
EndProject
Project("{FAE04EC0-301F-11D3-BF4B-00C04F79EFBC}") = "ExtenCiv.Tests.MEF", "Tests\ExtenCiv.Tests.MEF\ExtenCiv.Tests.MEF.csproj", "{A3FC1541-D6AD-41DF-B469-2472AE05A865}"
EndProject
Project("{FAE04EC0-301F-11D3-BF4B-00C04F79EFBC}") = "ExtenCiv.Tests.Ninject", "Tests\ExtenCiv.Tests.Ninject\ExtenCiv.Tests.Ninject.csproj", "{FFB71754-2812-403E-96A2-7B4F377FA44F}"
EndProject
Project("{FAE04EC0-301F-11D3-BF4B-00C04F79EFBC}") = "ExtenCiv.Tests.Spring", "Tests\ExtenCiv.Tests.Spring\ExtenCiv.Tests.Spring.csproj", "{BCC345AA-6F2F-49E8-A60D-A701FF4BA64A}"
EndProject
Project("{FAE04EC0-301F-11D3-BF4B-00C04F79EFBC}") = "ExtenCiv.Tests.StructureMap", "Tests\ExtenCiv.Tests.StructureMap\ExtenCiv.Tests.StructureMap.csproj", "{FFDE358E-A3C0-4102-A51A-E8879ADAE083}"
EndProject
Project("{FAE04EC0-301F-11D3-BF4B-00C04F79EFBC}") = "ExtenCiv.Tests.TinyIoC", "Tests\ExtenCiv.Tests.TinyIoC\ExtenCiv.Tests.TinyIoC.csproj", "{FC619418-6954-4548-9A69-6B9E83952433}"
EndProject
Project("{FAE04EC0-301F-11D3-BF4B-00C04F79EFBC}") = "ExtenCiv.Tests.Unity", "Tests\ExtenCiv.Tests.Unity\ExtenCiv.Tests.Unity.csproj", "{B97A8B84-D4CA-4699-A372-C08E48310A0F}"
EndProject
Project("{FAE04EC0-301F-11D3-BF4B-00C04F79EFBC}") = "ExtenCiv.Tests.Windsor", "Tests\ExtenCiv.Tests.Windsor\ExtenCiv.Tests.Windsor.csproj", "{D127935C-7A4A-4575-8AD3-3FFB523F61A6}"
EndProject
Project("{FAE04EC0-301F-11D3-BF4B-00C04F79EFBC}") = "ExtenCiv.SimpleInjector", "Source\ExtenCiv.SimpleInjector\ExtenCiv.SimpleInjector.csproj", "{C6473413-09D6-44C3-BDC0-E9C8FFE3AE2E}"
EndProject
Project("{FAE04EC0-301F-11D3-BF4B-00C04F79EFBC}") = "ExtenCiv.Tests.SimpleInjector", "Tests\ExtenCiv.Tests.SimpleInjector\ExtenCiv.Tests.SimpleInjector.csproj", "{8D660456-2E83-4B90-8616-6B52145D6FD4}"
EndProject
Global
	GlobalSection(SolutionConfigurationPlatforms) = preSolution
		Debug|Any CPU = Debug|Any CPU
		Release|Any CPU = Release|Any CPU
	EndGlobalSection
	GlobalSection(ProjectConfigurationPlatforms) = postSolution
		{1E603DFF-C2F4-46F0-9065-C5D2301B4C3B}.Debug|Any CPU.ActiveCfg = Debug|Any CPU
		{1E603DFF-C2F4-46F0-9065-C5D2301B4C3B}.Debug|Any CPU.Build.0 = Debug|Any CPU
		{1E603DFF-C2F4-46F0-9065-C5D2301B4C3B}.Release|Any CPU.ActiveCfg = Release|Any CPU
		{1E603DFF-C2F4-46F0-9065-C5D2301B4C3B}.Release|Any CPU.Build.0 = Release|Any CPU
		{E2932950-A841-4BCF-88EA-7F55831BBBC6}.Debug|Any CPU.ActiveCfg = Debug|Any CPU
		{E2932950-A841-4BCF-88EA-7F55831BBBC6}.Debug|Any CPU.Build.0 = Debug|Any CPU
		{E2932950-A841-4BCF-88EA-7F55831BBBC6}.Release|Any CPU.ActiveCfg = Release|Any CPU
		{E2932950-A841-4BCF-88EA-7F55831BBBC6}.Release|Any CPU.Build.0 = Release|Any CPU
		{24745466-B66A-42CD-A497-82E471E6060A}.Debug|Any CPU.ActiveCfg = Debug|Any CPU
		{24745466-B66A-42CD-A497-82E471E6060A}.Debug|Any CPU.Build.0 = Debug|Any CPU
		{24745466-B66A-42CD-A497-82E471E6060A}.Release|Any CPU.ActiveCfg = Release|Any CPU
		{24745466-B66A-42CD-A497-82E471E6060A}.Release|Any CPU.Build.0 = Release|Any CPU
		{20CA5CED-D1B1-4237-9482-354B3B520679}.Debug|Any CPU.ActiveCfg = Debug|Any CPU
		{20CA5CED-D1B1-4237-9482-354B3B520679}.Debug|Any CPU.Build.0 = Debug|Any CPU
		{20CA5CED-D1B1-4237-9482-354B3B520679}.Release|Any CPU.ActiveCfg = Release|Any CPU
		{20CA5CED-D1B1-4237-9482-354B3B520679}.Release|Any CPU.Build.0 = Release|Any CPU
		{F9FDB352-E7B8-4B37-B14F-BA7C4C3059BF}.Debug|Any CPU.ActiveCfg = Debug|Any CPU
		{F9FDB352-E7B8-4B37-B14F-BA7C4C3059BF}.Debug|Any CPU.Build.0 = Debug|Any CPU
		{F9FDB352-E7B8-4B37-B14F-BA7C4C3059BF}.Release|Any CPU.ActiveCfg = Release|Any CPU
		{F9FDB352-E7B8-4B37-B14F-BA7C4C3059BF}.Release|Any CPU.Build.0 = Release|Any CPU
		{BA454930-8988-48E9-8D96-1153AE1FA795}.Debug|Any CPU.ActiveCfg = Debug|Any CPU
		{BA454930-8988-48E9-8D96-1153AE1FA795}.Debug|Any CPU.Build.0 = Debug|Any CPU
		{BA454930-8988-48E9-8D96-1153AE1FA795}.Release|Any CPU.ActiveCfg = Release|Any CPU
		{BA454930-8988-48E9-8D96-1153AE1FA795}.Release|Any CPU.Build.0 = Release|Any CPU
		{4310269A-9750-4BB2-ACA6-7ABC8A1E271C}.Debug|Any CPU.ActiveCfg = Debug|Any CPU
		{4310269A-9750-4BB2-ACA6-7ABC8A1E271C}.Debug|Any CPU.Build.0 = Debug|Any CPU
		{4310269A-9750-4BB2-ACA6-7ABC8A1E271C}.Release|Any CPU.ActiveCfg = Release|Any CPU
		{4310269A-9750-4BB2-ACA6-7ABC8A1E271C}.Release|Any CPU.Build.0 = Release|Any CPU
		{95230795-FEEE-496C-8688-A5D57FC5062B}.Debug|Any CPU.ActiveCfg = Debug|Any CPU
		{95230795-FEEE-496C-8688-A5D57FC5062B}.Debug|Any CPU.Build.0 = Debug|Any CPU
		{95230795-FEEE-496C-8688-A5D57FC5062B}.Release|Any CPU.ActiveCfg = Release|Any CPU
		{95230795-FEEE-496C-8688-A5D57FC5062B}.Release|Any CPU.Build.0 = Release|Any CPU
		{5C2384E6-5FA1-43C5-B861-7D06A9E76A9B}.Debug|Any CPU.ActiveCfg = Debug|Any CPU
		{5C2384E6-5FA1-43C5-B861-7D06A9E76A9B}.Debug|Any CPU.Build.0 = Debug|Any CPU
		{5C2384E6-5FA1-43C5-B861-7D06A9E76A9B}.Release|Any CPU.ActiveCfg = Release|Any CPU
		{5C2384E6-5FA1-43C5-B861-7D06A9E76A9B}.Release|Any CPU.Build.0 = Release|Any CPU
		{3E0C6353-3A34-4382-87C5-0D26619F18A0}.Debug|Any CPU.ActiveCfg = Debug|Any CPU
		{3E0C6353-3A34-4382-87C5-0D26619F18A0}.Debug|Any CPU.Build.0 = Debug|Any CPU
		{3E0C6353-3A34-4382-87C5-0D26619F18A0}.Release|Any CPU.ActiveCfg = Release|Any CPU
		{3E0C6353-3A34-4382-87C5-0D26619F18A0}.Release|Any CPU.Build.0 = Release|Any CPU
		{AC95DD3B-98DA-499B-89B5-06953EF1DDEB}.Debug|Any CPU.ActiveCfg = Debug|Any CPU
		{AC95DD3B-98DA-499B-89B5-06953EF1DDEB}.Debug|Any CPU.Build.0 = Debug|Any CPU
		{AC95DD3B-98DA-499B-89B5-06953EF1DDEB}.Release|Any CPU.ActiveCfg = Release|Any CPU
		{AC95DD3B-98DA-499B-89B5-06953EF1DDEB}.Release|Any CPU.Build.0 = Release|Any CPU
		{3BF2C0A6-461F-436D-9AD6-88B98417DFBE}.Debug|Any CPU.ActiveCfg = Debug|Any CPU
		{3BF2C0A6-461F-436D-9AD6-88B98417DFBE}.Debug|Any CPU.Build.0 = Debug|Any CPU
		{3BF2C0A6-461F-436D-9AD6-88B98417DFBE}.Release|Any CPU.ActiveCfg = Release|Any CPU
		{3BF2C0A6-461F-436D-9AD6-88B98417DFBE}.Release|Any CPU.Build.0 = Release|Any CPU
		{A08E856C-EF9E-4FE7-AB82-80D777F8006C}.Debug|Any CPU.ActiveCfg = Debug|Any CPU
		{A08E856C-EF9E-4FE7-AB82-80D777F8006C}.Debug|Any CPU.Build.0 = Debug|Any CPU
		{A08E856C-EF9E-4FE7-AB82-80D777F8006C}.Release|Any CPU.ActiveCfg = Release|Any CPU
		{A08E856C-EF9E-4FE7-AB82-80D777F8006C}.Release|Any CPU.Build.0 = Release|Any CPU
		{EEA1CA7A-7273-4FAC-9B44-13B968E7BF08}.Debug|Any CPU.ActiveCfg = Debug|Any CPU
		{EEA1CA7A-7273-4FAC-9B44-13B968E7BF08}.Debug|Any CPU.Build.0 = Debug|Any CPU
		{EEA1CA7A-7273-4FAC-9B44-13B968E7BF08}.Release|Any CPU.ActiveCfg = Release|Any CPU
		{EEA1CA7A-7273-4FAC-9B44-13B968E7BF08}.Release|Any CPU.Build.0 = Release|Any CPU
		{A3FC1541-D6AD-41DF-B469-2472AE05A865}.Debug|Any CPU.ActiveCfg = Debug|Any CPU
		{A3FC1541-D6AD-41DF-B469-2472AE05A865}.Debug|Any CPU.Build.0 = Debug|Any CPU
		{A3FC1541-D6AD-41DF-B469-2472AE05A865}.Release|Any CPU.ActiveCfg = Release|Any CPU
		{A3FC1541-D6AD-41DF-B469-2472AE05A865}.Release|Any CPU.Build.0 = Release|Any CPU
		{FFB71754-2812-403E-96A2-7B4F377FA44F}.Debug|Any CPU.ActiveCfg = Debug|Any CPU
		{FFB71754-2812-403E-96A2-7B4F377FA44F}.Debug|Any CPU.Build.0 = Debug|Any CPU
		{FFB71754-2812-403E-96A2-7B4F377FA44F}.Release|Any CPU.ActiveCfg = Release|Any CPU
		{FFB71754-2812-403E-96A2-7B4F377FA44F}.Release|Any CPU.Build.0 = Release|Any CPU
		{BCC345AA-6F2F-49E8-A60D-A701FF4BA64A}.Debug|Any CPU.ActiveCfg = Debug|Any CPU
		{BCC345AA-6F2F-49E8-A60D-A701FF4BA64A}.Debug|Any CPU.Build.0 = Debug|Any CPU
		{BCC345AA-6F2F-49E8-A60D-A701FF4BA64A}.Release|Any CPU.ActiveCfg = Release|Any CPU
		{BCC345AA-6F2F-49E8-A60D-A701FF4BA64A}.Release|Any CPU.Build.0 = Release|Any CPU
		{FFDE358E-A3C0-4102-A51A-E8879ADAE083}.Debug|Any CPU.ActiveCfg = Debug|Any CPU
		{FFDE358E-A3C0-4102-A51A-E8879ADAE083}.Debug|Any CPU.Build.0 = Debug|Any CPU
		{FFDE358E-A3C0-4102-A51A-E8879ADAE083}.Release|Any CPU.ActiveCfg = Release|Any CPU
		{FFDE358E-A3C0-4102-A51A-E8879ADAE083}.Release|Any CPU.Build.0 = Release|Any CPU
		{FC619418-6954-4548-9A69-6B9E83952433}.Debug|Any CPU.ActiveCfg = Debug|Any CPU
		{FC619418-6954-4548-9A69-6B9E83952433}.Debug|Any CPU.Build.0 = Debug|Any CPU
		{FC619418-6954-4548-9A69-6B9E83952433}.Release|Any CPU.ActiveCfg = Release|Any CPU
		{FC619418-6954-4548-9A69-6B9E83952433}.Release|Any CPU.Build.0 = Release|Any CPU
		{B97A8B84-D4CA-4699-A372-C08E48310A0F}.Debug|Any CPU.ActiveCfg = Debug|Any CPU
		{B97A8B84-D4CA-4699-A372-C08E48310A0F}.Debug|Any CPU.Build.0 = Debug|Any CPU
		{B97A8B84-D4CA-4699-A372-C08E48310A0F}.Release|Any CPU.ActiveCfg = Release|Any CPU
		{B97A8B84-D4CA-4699-A372-C08E48310A0F}.Release|Any CPU.Build.0 = Release|Any CPU
		{D127935C-7A4A-4575-8AD3-3FFB523F61A6}.Debug|Any CPU.ActiveCfg = Debug|Any CPU
		{D127935C-7A4A-4575-8AD3-3FFB523F61A6}.Debug|Any CPU.Build.0 = Debug|Any CPU
		{D127935C-7A4A-4575-8AD3-3FFB523F61A6}.Release|Any CPU.ActiveCfg = Release|Any CPU
		{D127935C-7A4A-4575-8AD3-3FFB523F61A6}.Release|Any CPU.Build.0 = Release|Any CPU
		{C6473413-09D6-44C3-BDC0-E9C8FFE3AE2E}.Debug|Any CPU.ActiveCfg = Debug|Any CPU
		{C6473413-09D6-44C3-BDC0-E9C8FFE3AE2E}.Debug|Any CPU.Build.0 = Debug|Any CPU
		{C6473413-09D6-44C3-BDC0-E9C8FFE3AE2E}.Release|Any CPU.ActiveCfg = Release|Any CPU
		{C6473413-09D6-44C3-BDC0-E9C8FFE3AE2E}.Release|Any CPU.Build.0 = Release|Any CPU
		{8D660456-2E83-4B90-8616-6B52145D6FD4}.Debug|Any CPU.ActiveCfg = Debug|Any CPU
		{8D660456-2E83-4B90-8616-6B52145D6FD4}.Debug|Any CPU.Build.0 = Debug|Any CPU
		{8D660456-2E83-4B90-8616-6B52145D6FD4}.Release|Any CPU.ActiveCfg = Release|Any CPU
		{8D660456-2E83-4B90-8616-6B52145D6FD4}.Release|Any CPU.Build.0 = Release|Any CPU
	EndGlobalSection
	GlobalSection(SolutionProperties) = preSolution
		HideSolutionNode = FALSE
	EndGlobalSection
	GlobalSection(NestedProjects) = preSolution
		{1E603DFF-C2F4-46F0-9065-C5D2301B4C3B} = {F9255F03-2CAF-4355-82CD-2F0DE1E22819}
		{E2932950-A841-4BCF-88EA-7F55831BBBC6} = {F9255F03-2CAF-4355-82CD-2F0DE1E22819}
		{24745466-B66A-42CD-A497-82E471E6060A} = {EDF02D66-7D4D-4314-87C9-EC23B9EFB7A2}
		{20CA5CED-D1B1-4237-9482-354B3B520679} = {EDF02D66-7D4D-4314-87C9-EC23B9EFB7A2}
		{F9FDB352-E7B8-4B37-B14F-BA7C4C3059BF} = {EDF02D66-7D4D-4314-87C9-EC23B9EFB7A2}
		{BA454930-8988-48E9-8D96-1153AE1FA795} = {F9255F03-2CAF-4355-82CD-2F0DE1E22819}
		{4310269A-9750-4BB2-ACA6-7ABC8A1E271C} = {F9255F03-2CAF-4355-82CD-2F0DE1E22819}
		{95230795-FEEE-496C-8688-A5D57FC5062B} = {F9255F03-2CAF-4355-82CD-2F0DE1E22819}
		{5C2384E6-5FA1-43C5-B861-7D06A9E76A9B} = {F9255F03-2CAF-4355-82CD-2F0DE1E22819}
		{3E0C6353-3A34-4382-87C5-0D26619F18A0} = {F9255F03-2CAF-4355-82CD-2F0DE1E22819}
		{AC95DD3B-98DA-499B-89B5-06953EF1DDEB} = {F9255F03-2CAF-4355-82CD-2F0DE1E22819}
		{3BF2C0A6-461F-436D-9AD6-88B98417DFBE} = {F9255F03-2CAF-4355-82CD-2F0DE1E22819}
		{A08E856C-EF9E-4FE7-AB82-80D777F8006C} = {F9255F03-2CAF-4355-82CD-2F0DE1E22819}
		{EEA1CA7A-7273-4FAC-9B44-13B968E7BF08} = {EDF02D66-7D4D-4314-87C9-EC23B9EFB7A2}
		{A3FC1541-D6AD-41DF-B469-2472AE05A865} = {EDF02D66-7D4D-4314-87C9-EC23B9EFB7A2}
		{FFB71754-2812-403E-96A2-7B4F377FA44F} = {EDF02D66-7D4D-4314-87C9-EC23B9EFB7A2}
		{BCC345AA-6F2F-49E8-A60D-A701FF4BA64A} = {EDF02D66-7D4D-4314-87C9-EC23B9EFB7A2}
		{FFDE358E-A3C0-4102-A51A-E8879ADAE083} = {EDF02D66-7D4D-4314-87C9-EC23B9EFB7A2}
		{FC619418-6954-4548-9A69-6B9E83952433} = {EDF02D66-7D4D-4314-87C9-EC23B9EFB7A2}
		{B97A8B84-D4CA-4699-A372-C08E48310A0F} = {EDF02D66-7D4D-4314-87C9-EC23B9EFB7A2}
		{D127935C-7A4A-4575-8AD3-3FFB523F61A6} = {EDF02D66-7D4D-4314-87C9-EC23B9EFB7A2}
		{C6473413-09D6-44C3-BDC0-E9C8FFE3AE2E} = {F9255F03-2CAF-4355-82CD-2F0DE1E22819}
		{8D660456-2E83-4B90-8616-6B52145D6FD4} = {EDF02D66-7D4D-4314-87C9-EC23B9EFB7A2}
	EndGlobalSection
EndGlobal
