
Microsoft Visual Studio Solution File, Format Version 12.00
# Visual Studio 14
VisualStudioVersion = 14.0.23107.0
MinimumVisualStudioVersion = 10.0.40219.1
Project("{2150E333-8FDC-42A3-9474-1A3956D46DE8}") = "Source", "Source", "{F9255F03-2CAF-4355-82CD-2F0DE1E22819}"
EndProject
Project("{2150E333-8FDC-42A3-9474-1A3956D46DE8}") = "Tests", "Tests", "{EDF02D66-7D4D-4314-87C9-EC23B9EFB7A2}"
EndProject
Project("{FAE04EC0-301F-11D3-BF4B-00C04F79EFBC}") = "ExtenCiv", "Source\ExtenCiv\ExtenCiv.csproj", "{1E603DFF-C2F4-46F0-9065-C5D2301B4C3B}"
EndProject
Project("{FAE04EC0-301F-11D3-BF4B-00C04F79EFBC}") = "ExtenCiv.Autofac", "Source\ExtenCiv.Autofac\ExtenCiv.Autofac.csproj", "{E2932950-A841-4BCF-88EA-7F55831BBBC6}"
EndProject
Project("{FAE04EC0-301F-11D3-BF4B-00C04F79EFBC}") = "ExtenCiv.Tests", "Tests\ExtenCiv.Tests\ExtenCiv.Tests.csproj", "{F9FDB352-E7B8-4B37-B14F-BA7C4C3059BF}"
EndProject
Project("{FAE04EC0-301F-11D3-BF4B-00C04F79EFBC}") = "ExtenCiv.DryIoc", "Source\ExtenCiv.DryIoc\ExtenCiv.DryIoc.csproj", "{BA454930-8988-48E9-8D96-1153AE1FA795}"
EndProject
Project("{FAE04EC0-301F-11D3-BF4B-00C04F79EFBC}") = "ExtenCiv.Ninject", "Source\ExtenCiv.Ninject\ExtenCiv.Ninject.csproj", "{95230795-FEEE-496C-8688-A5D57FC5062B}"
EndProject
Project("{FAE04EC0-301F-11D3-BF4B-00C04F79EFBC}") = "ExtenCiv.StructureMap", "Source\ExtenCiv.StructureMap\ExtenCiv.StructureMap.csproj", "{3E0C6353-3A34-4382-87C5-0D26619F18A0}"
EndProject
Project("{FAE04EC0-301F-11D3-BF4B-00C04F79EFBC}") = "ExtenCiv.TinyIoC", "Source\ExtenCiv.TinyIoC\ExtenCiv.TinyIoC.csproj", "{AC95DD3B-98DA-499B-89B5-06953EF1DDEB}"
EndProject
Project("{FAE04EC0-301F-11D3-BF4B-00C04F79EFBC}") = "ExtenCiv.Unity", "Source\ExtenCiv.Unity\ExtenCiv.Unity.csproj", "{3BF2C0A6-461F-436D-9AD6-88B98417DFBE}"
EndProject
Project("{FAE04EC0-301F-11D3-BF4B-00C04F79EFBC}") = "ExtenCiv.Windsor", "Source\ExtenCiv.Windsor\ExtenCiv.Windsor.csproj", "{A08E856C-EF9E-4FE7-AB82-80D777F8006C}"
EndProject
Project("{FAE04EC0-301F-11D3-BF4B-00C04F79EFBC}") = "ExtenCiv.SimpleInjector", "Source\ExtenCiv.SimpleInjector\ExtenCiv.SimpleInjector.csproj", "{C6473413-09D6-44C3-BDC0-E9C8FFE3AE2E}"
EndProject
Project("{FAE04EC0-301F-11D3-BF4B-00C04F79EFBC}") = "ExtenCiv.Grace", "Source\ExtenCiv.Grace\ExtenCiv.Grace.csproj", "{31448888-0126-4400-A2F8-2CA0C45ECF86}"
EndProject
Project("{FAE04EC0-301F-11D3-BF4B-00C04F79EFBC}") = "ExtenCiv.LightInject", "Source\ExtenCiv.LightInject\ExtenCiv.LightInject.csproj", "{50FF9730-FC82-48A3-B7B5-442488D58220}"
EndProject
Project("{FAE04EC0-301F-11D3-BF4B-00C04F79EFBC}") = "ExtenCiv.HaveBox", "Source\ExtenCiv.HaveBox\ExtenCiv.HaveBox.csproj", "{C383E938-ACE9-4847-905D-2314FEAC142D}"
EndProject
Project("{FAE04EC0-301F-11D3-BF4B-00C04F79EFBC}") = "ExtenCiv.Common.Utilities", "Tests\ExtenCiv.Common.Utilities\ExtenCiv.Common.Utilities.csproj", "{DE8BD128-3A16-4A1A-9662-72278E2F37D7}"
EndProject
Project("{FAE04EC0-301F-11D3-BF4B-00C04F79EFBC}") = "ExtenCiv.Resolvers", "Tests\ExtenCiv.Resolvers\ExtenCiv.Resolvers.csproj", "{F93A9DAF-CA1A-4584-9172-8BB9B070DAA6}"
EndProject
Project("{FAE04EC0-301F-11D3-BF4B-00C04F79EFBC}") = "ExtenCiv.Resolvers.Autofac", "Tests\ExtenCiv.Resolvers.Autofac\ExtenCiv.Resolvers.Autofac.csproj", "{AF4B6396-2FE9-4D0B-B588-D9E4E9886C8F}"
EndProject
Project("{FAE04EC0-301F-11D3-BF4B-00C04F79EFBC}") = "ExtenCiv.Resolvers.DryIoc", "Tests\ExtenCiv.Resolvers.DryIoc\ExtenCiv.Resolvers.DryIoc.csproj", "{F7127AB4-1A15-443D-A6DF-60B39D1F4A9D}"
EndProject
Project("{FAE04EC0-301F-11D3-BF4B-00C04F79EFBC}") = "ExtenCiv.Resolvers.Grace", "Tests\ExtenCiv.Resolvers.Grace\ExtenCiv.Resolvers.Grace.csproj", "{FB04FB79-F2A6-43EC-ACD9-813EC3060F4C}"
EndProject
Project("{FAE04EC0-301F-11D3-BF4B-00C04F79EFBC}") = "ExtenCiv.Resolvers.HaveBox", "Tests\ExtenCiv.Resolvers.HaveBox\ExtenCiv.Resolvers.HaveBox.csproj", "{7AA4EE57-F5A1-4789-B95D-E46864AD1A6C}"
EndProject
Project("{FAE04EC0-301F-11D3-BF4B-00C04F79EFBC}") = "ExtenCiv.Resolvers.LightInject", "Tests\ExtenCiv.Resolvers.LightInject\ExtenCiv.Resolvers.LightInject.csproj", "{826FE9D6-B2EA-4BAA-9040-37348A7ED863}"
EndProject
Project("{FAE04EC0-301F-11D3-BF4B-00C04F79EFBC}") = "ExtenCiv.Resolvers.Ninject", "Tests\ExtenCiv.Resolvers.Ninject\ExtenCiv.Resolvers.Ninject.csproj", "{7F7B68E2-A295-4E66-9384-28DF7410A837}"
EndProject
Project("{FAE04EC0-301F-11D3-BF4B-00C04F79EFBC}") = "ExtenCiv.Resolvers.SimpleInjector", "Tests\ExtenCiv.Resolvers.SimpleInjector\ExtenCiv.Resolvers.SimpleInjector.csproj", "{0A8AF90C-7459-4093-8304-50840603211D}"
EndProject
Project("{FAE04EC0-301F-11D3-BF4B-00C04F79EFBC}") = "ExtenCiv.Resolvers.StructureMap", "Tests\ExtenCiv.Resolvers.StructureMap\ExtenCiv.Resolvers.StructureMap.csproj", "{E1FC6569-8B37-4933-9BFD-1FB3350819DB}"
EndProject
Project("{FAE04EC0-301F-11D3-BF4B-00C04F79EFBC}") = "ExtenCiv.Resolvers.TinyIoC", "Tests\ExtenCiv.Resolvers.TinyIoC\ExtenCiv.Resolvers.TinyIoC.csproj", "{88EAEB10-6881-4421-9D1F-45AA04121001}"
EndProject
Project("{FAE04EC0-301F-11D3-BF4B-00C04F79EFBC}") = "ExtenCiv.Resolvers.Unity", "Tests\ExtenCiv.Resolvers.Unity\ExtenCiv.Resolvers.Unity.csproj", "{1C14C5D2-B877-4402-9FC9-F1820EF80631}"
EndProject
Project("{FAE04EC0-301F-11D3-BF4B-00C04F79EFBC}") = "ExtenCiv.Resolvers.Windsor", "Tests\ExtenCiv.Resolvers.Windsor\ExtenCiv.Resolvers.Windsor.csproj", "{26E64EAB-5E8B-458A-8184-E7BCAB2E737A}"
EndProject
Global
	GlobalSection(SolutionConfigurationPlatforms) = preSolution
		Debug|Any CPU = Debug|Any CPU
		Release|Any CPU = Release|Any CPU
	EndGlobalSection
	GlobalSection(ProjectConfigurationPlatforms) = postSolution
		{1E603DFF-C2F4-46F0-9065-C5D2301B4C3B}.Debug|Any CPU.ActiveCfg = Debug|Any CPU
		{1E603DFF-C2F4-46F0-9065-C5D2301B4C3B}.Debug|Any CPU.Build.0 = Debug|Any CPU
		{1E603DFF-C2F4-46F0-9065-C5D2301B4C3B}.Release|Any CPU.ActiveCfg = Release|Any CPU
		{1E603DFF-C2F4-46F0-9065-C5D2301B4C3B}.Release|Any CPU.Build.0 = Release|Any CPU
		{E2932950-A841-4BCF-88EA-7F55831BBBC6}.Debug|Any CPU.ActiveCfg = Debug|Any CPU
		{E2932950-A841-4BCF-88EA-7F55831BBBC6}.Debug|Any CPU.Build.0 = Debug|Any CPU
		{E2932950-A841-4BCF-88EA-7F55831BBBC6}.Release|Any CPU.ActiveCfg = Release|Any CPU
		{E2932950-A841-4BCF-88EA-7F55831BBBC6}.Release|Any CPU.Build.0 = Release|Any CPU
		{F9FDB352-E7B8-4B37-B14F-BA7C4C3059BF}.Debug|Any CPU.ActiveCfg = Debug|Any CPU
		{F9FDB352-E7B8-4B37-B14F-BA7C4C3059BF}.Debug|Any CPU.Build.0 = Debug|Any CPU
		{F9FDB352-E7B8-4B37-B14F-BA7C4C3059BF}.Release|Any CPU.ActiveCfg = Release|Any CPU
		{F9FDB352-E7B8-4B37-B14F-BA7C4C3059BF}.Release|Any CPU.Build.0 = Release|Any CPU
		{BA454930-8988-48E9-8D96-1153AE1FA795}.Debug|Any CPU.ActiveCfg = Debug|Any CPU
		{BA454930-8988-48E9-8D96-1153AE1FA795}.Debug|Any CPU.Build.0 = Debug|Any CPU
		{BA454930-8988-48E9-8D96-1153AE1FA795}.Release|Any CPU.ActiveCfg = Release|Any CPU
		{BA454930-8988-48E9-8D96-1153AE1FA795}.Release|Any CPU.Build.0 = Release|Any CPU
		{95230795-FEEE-496C-8688-A5D57FC5062B}.Debug|Any CPU.ActiveCfg = Debug|Any CPU
		{95230795-FEEE-496C-8688-A5D57FC5062B}.Debug|Any CPU.Build.0 = Debug|Any CPU
		{95230795-FEEE-496C-8688-A5D57FC5062B}.Release|Any CPU.ActiveCfg = Release|Any CPU
		{95230795-FEEE-496C-8688-A5D57FC5062B}.Release|Any CPU.Build.0 = Release|Any CPU
		{3E0C6353-3A34-4382-87C5-0D26619F18A0}.Debug|Any CPU.ActiveCfg = Debug|Any CPU
		{3E0C6353-3A34-4382-87C5-0D26619F18A0}.Debug|Any CPU.Build.0 = Debug|Any CPU
		{3E0C6353-3A34-4382-87C5-0D26619F18A0}.Release|Any CPU.ActiveCfg = Release|Any CPU
		{3E0C6353-3A34-4382-87C5-0D26619F18A0}.Release|Any CPU.Build.0 = Release|Any CPU
		{AC95DD3B-98DA-499B-89B5-06953EF1DDEB}.Debug|Any CPU.ActiveCfg = Debug|Any CPU
		{AC95DD3B-98DA-499B-89B5-06953EF1DDEB}.Debug|Any CPU.Build.0 = Debug|Any CPU
		{AC95DD3B-98DA-499B-89B5-06953EF1DDEB}.Release|Any CPU.ActiveCfg = Release|Any CPU
		{AC95DD3B-98DA-499B-89B5-06953EF1DDEB}.Release|Any CPU.Build.0 = Release|Any CPU
		{3BF2C0A6-461F-436D-9AD6-88B98417DFBE}.Debug|Any CPU.ActiveCfg = Debug|Any CPU
		{3BF2C0A6-461F-436D-9AD6-88B98417DFBE}.Debug|Any CPU.Build.0 = Debug|Any CPU
		{3BF2C0A6-461F-436D-9AD6-88B98417DFBE}.Release|Any CPU.ActiveCfg = Release|Any CPU
		{3BF2C0A6-461F-436D-9AD6-88B98417DFBE}.Release|Any CPU.Build.0 = Release|Any CPU
		{A08E856C-EF9E-4FE7-AB82-80D777F8006C}.Debug|Any CPU.ActiveCfg = Debug|Any CPU
		{A08E856C-EF9E-4FE7-AB82-80D777F8006C}.Debug|Any CPU.Build.0 = Debug|Any CPU
		{A08E856C-EF9E-4FE7-AB82-80D777F8006C}.Release|Any CPU.ActiveCfg = Release|Any CPU
		{A08E856C-EF9E-4FE7-AB82-80D777F8006C}.Release|Any CPU.Build.0 = Release|Any CPU
		{C6473413-09D6-44C3-BDC0-E9C8FFE3AE2E}.Debug|Any CPU.ActiveCfg = Debug|Any CPU
		{C6473413-09D6-44C3-BDC0-E9C8FFE3AE2E}.Debug|Any CPU.Build.0 = Debug|Any CPU
		{C6473413-09D6-44C3-BDC0-E9C8FFE3AE2E}.Release|Any CPU.ActiveCfg = Release|Any CPU
		{C6473413-09D6-44C3-BDC0-E9C8FFE3AE2E}.Release|Any CPU.Build.0 = Release|Any CPU
		{31448888-0126-4400-A2F8-2CA0C45ECF86}.Debug|Any CPU.ActiveCfg = Debug|Any CPU
		{31448888-0126-4400-A2F8-2CA0C45ECF86}.Debug|Any CPU.Build.0 = Debug|Any CPU
		{31448888-0126-4400-A2F8-2CA0C45ECF86}.Release|Any CPU.ActiveCfg = Release|Any CPU
		{31448888-0126-4400-A2F8-2CA0C45ECF86}.Release|Any CPU.Build.0 = Release|Any CPU
		{50FF9730-FC82-48A3-B7B5-442488D58220}.Debug|Any CPU.ActiveCfg = Debug|Any CPU
		{50FF9730-FC82-48A3-B7B5-442488D58220}.Debug|Any CPU.Build.0 = Debug|Any CPU
		{50FF9730-FC82-48A3-B7B5-442488D58220}.Release|Any CPU.ActiveCfg = Release|Any CPU
		{50FF9730-FC82-48A3-B7B5-442488D58220}.Release|Any CPU.Build.0 = Release|Any CPU
		{C383E938-ACE9-4847-905D-2314FEAC142D}.Debug|Any CPU.ActiveCfg = Debug|Any CPU
		{C383E938-ACE9-4847-905D-2314FEAC142D}.Debug|Any CPU.Build.0 = Debug|Any CPU
		{C383E938-ACE9-4847-905D-2314FEAC142D}.Release|Any CPU.ActiveCfg = Release|Any CPU
		{C383E938-ACE9-4847-905D-2314FEAC142D}.Release|Any CPU.Build.0 = Release|Any CPU
		{DE8BD128-3A16-4A1A-9662-72278E2F37D7}.Debug|Any CPU.ActiveCfg = Debug|Any CPU
		{DE8BD128-3A16-4A1A-9662-72278E2F37D7}.Debug|Any CPU.Build.0 = Debug|Any CPU
		{DE8BD128-3A16-4A1A-9662-72278E2F37D7}.Release|Any CPU.ActiveCfg = Release|Any CPU
		{DE8BD128-3A16-4A1A-9662-72278E2F37D7}.Release|Any CPU.Build.0 = Release|Any CPU
		{F93A9DAF-CA1A-4584-9172-8BB9B070DAA6}.Debug|Any CPU.ActiveCfg = Debug|Any CPU
		{F93A9DAF-CA1A-4584-9172-8BB9B070DAA6}.Debug|Any CPU.Build.0 = Debug|Any CPU
		{F93A9DAF-CA1A-4584-9172-8BB9B070DAA6}.Release|Any CPU.ActiveCfg = Release|Any CPU
		{F93A9DAF-CA1A-4584-9172-8BB9B070DAA6}.Release|Any CPU.Build.0 = Release|Any CPU
		{AF4B6396-2FE9-4D0B-B588-D9E4E9886C8F}.Debug|Any CPU.ActiveCfg = Debug|Any CPU
		{AF4B6396-2FE9-4D0B-B588-D9E4E9886C8F}.Debug|Any CPU.Build.0 = Debug|Any CPU
		{AF4B6396-2FE9-4D0B-B588-D9E4E9886C8F}.Release|Any CPU.ActiveCfg = Release|Any CPU
		{AF4B6396-2FE9-4D0B-B588-D9E4E9886C8F}.Release|Any CPU.Build.0 = Release|Any CPU
		{F7127AB4-1A15-443D-A6DF-60B39D1F4A9D}.Debug|Any CPU.ActiveCfg = Debug|Any CPU
		{F7127AB4-1A15-443D-A6DF-60B39D1F4A9D}.Debug|Any CPU.Build.0 = Debug|Any CPU
		{F7127AB4-1A15-443D-A6DF-60B39D1F4A9D}.Release|Any CPU.ActiveCfg = Release|Any CPU
		{F7127AB4-1A15-443D-A6DF-60B39D1F4A9D}.Release|Any CPU.Build.0 = Release|Any CPU
		{FB04FB79-F2A6-43EC-ACD9-813EC3060F4C}.Debug|Any CPU.ActiveCfg = Debug|Any CPU
		{FB04FB79-F2A6-43EC-ACD9-813EC3060F4C}.Debug|Any CPU.Build.0 = Debug|Any CPU
		{FB04FB79-F2A6-43EC-ACD9-813EC3060F4C}.Release|Any CPU.ActiveCfg = Release|Any CPU
		{FB04FB79-F2A6-43EC-ACD9-813EC3060F4C}.Release|Any CPU.Build.0 = Release|Any CPU
		{7AA4EE57-F5A1-4789-B95D-E46864AD1A6C}.Debug|Any CPU.ActiveCfg = Debug|Any CPU
		{7AA4EE57-F5A1-4789-B95D-E46864AD1A6C}.Debug|Any CPU.Build.0 = Debug|Any CPU
		{7AA4EE57-F5A1-4789-B95D-E46864AD1A6C}.Release|Any CPU.ActiveCfg = Release|Any CPU
		{7AA4EE57-F5A1-4789-B95D-E46864AD1A6C}.Release|Any CPU.Build.0 = Release|Any CPU
		{826FE9D6-B2EA-4BAA-9040-37348A7ED863}.Debug|Any CPU.ActiveCfg = Debug|Any CPU
		{826FE9D6-B2EA-4BAA-9040-37348A7ED863}.Debug|Any CPU.Build.0 = Debug|Any CPU
		{826FE9D6-B2EA-4BAA-9040-37348A7ED863}.Release|Any CPU.ActiveCfg = Release|Any CPU
		{826FE9D6-B2EA-4BAA-9040-37348A7ED863}.Release|Any CPU.Build.0 = Release|Any CPU
		{7F7B68E2-A295-4E66-9384-28DF7410A837}.Debug|Any CPU.ActiveCfg = Debug|Any CPU
		{7F7B68E2-A295-4E66-9384-28DF7410A837}.Debug|Any CPU.Build.0 = Debug|Any CPU
		{7F7B68E2-A295-4E66-9384-28DF7410A837}.Release|Any CPU.ActiveCfg = Release|Any CPU
		{7F7B68E2-A295-4E66-9384-28DF7410A837}.Release|Any CPU.Build.0 = Release|Any CPU
		{0A8AF90C-7459-4093-8304-50840603211D}.Debug|Any CPU.ActiveCfg = Debug|Any CPU
		{0A8AF90C-7459-4093-8304-50840603211D}.Debug|Any CPU.Build.0 = Debug|Any CPU
		{0A8AF90C-7459-4093-8304-50840603211D}.Release|Any CPU.ActiveCfg = Release|Any CPU
		{0A8AF90C-7459-4093-8304-50840603211D}.Release|Any CPU.Build.0 = Release|Any CPU
		{E1FC6569-8B37-4933-9BFD-1FB3350819DB}.Debug|Any CPU.ActiveCfg = Debug|Any CPU
		{E1FC6569-8B37-4933-9BFD-1FB3350819DB}.Debug|Any CPU.Build.0 = Debug|Any CPU
		{E1FC6569-8B37-4933-9BFD-1FB3350819DB}.Release|Any CPU.ActiveCfg = Release|Any CPU
		{E1FC6569-8B37-4933-9BFD-1FB3350819DB}.Release|Any CPU.Build.0 = Release|Any CPU
		{88EAEB10-6881-4421-9D1F-45AA04121001}.Debug|Any CPU.ActiveCfg = Debug|Any CPU
		{88EAEB10-6881-4421-9D1F-45AA04121001}.Debug|Any CPU.Build.0 = Debug|Any CPU
		{88EAEB10-6881-4421-9D1F-45AA04121001}.Release|Any CPU.ActiveCfg = Release|Any CPU
		{88EAEB10-6881-4421-9D1F-45AA04121001}.Release|Any CPU.Build.0 = Release|Any CPU
		{1C14C5D2-B877-4402-9FC9-F1820EF80631}.Debug|Any CPU.ActiveCfg = Debug|Any CPU
		{1C14C5D2-B877-4402-9FC9-F1820EF80631}.Debug|Any CPU.Build.0 = Debug|Any CPU
		{1C14C5D2-B877-4402-9FC9-F1820EF80631}.Release|Any CPU.ActiveCfg = Release|Any CPU
		{1C14C5D2-B877-4402-9FC9-F1820EF80631}.Release|Any CPU.Build.0 = Release|Any CPU
		{26E64EAB-5E8B-458A-8184-E7BCAB2E737A}.Debug|Any CPU.ActiveCfg = Debug|Any CPU
		{26E64EAB-5E8B-458A-8184-E7BCAB2E737A}.Debug|Any CPU.Build.0 = Debug|Any CPU
		{26E64EAB-5E8B-458A-8184-E7BCAB2E737A}.Release|Any CPU.ActiveCfg = Release|Any CPU
		{26E64EAB-5E8B-458A-8184-E7BCAB2E737A}.Release|Any CPU.Build.0 = Release|Any CPU
	EndGlobalSection
	GlobalSection(SolutionProperties) = preSolution
		HideSolutionNode = FALSE
	EndGlobalSection
	GlobalSection(NestedProjects) = preSolution
		{1E603DFF-C2F4-46F0-9065-C5D2301B4C3B} = {F9255F03-2CAF-4355-82CD-2F0DE1E22819}
		{E2932950-A841-4BCF-88EA-7F55831BBBC6} = {F9255F03-2CAF-4355-82CD-2F0DE1E22819}
		{F9FDB352-E7B8-4B37-B14F-BA7C4C3059BF} = {EDF02D66-7D4D-4314-87C9-EC23B9EFB7A2}
		{BA454930-8988-48E9-8D96-1153AE1FA795} = {F9255F03-2CAF-4355-82CD-2F0DE1E22819}
		{95230795-FEEE-496C-8688-A5D57FC5062B} = {F9255F03-2CAF-4355-82CD-2F0DE1E22819}
		{3E0C6353-3A34-4382-87C5-0D26619F18A0} = {F9255F03-2CAF-4355-82CD-2F0DE1E22819}
		{AC95DD3B-98DA-499B-89B5-06953EF1DDEB} = {F9255F03-2CAF-4355-82CD-2F0DE1E22819}
		{3BF2C0A6-461F-436D-9AD6-88B98417DFBE} = {F9255F03-2CAF-4355-82CD-2F0DE1E22819}
		{A08E856C-EF9E-4FE7-AB82-80D777F8006C} = {F9255F03-2CAF-4355-82CD-2F0DE1E22819}
		{C6473413-09D6-44C3-BDC0-E9C8FFE3AE2E} = {F9255F03-2CAF-4355-82CD-2F0DE1E22819}
		{31448888-0126-4400-A2F8-2CA0C45ECF86} = {F9255F03-2CAF-4355-82CD-2F0DE1E22819}
		{50FF9730-FC82-48A3-B7B5-442488D58220} = {F9255F03-2CAF-4355-82CD-2F0DE1E22819}
		{C383E938-ACE9-4847-905D-2314FEAC142D} = {F9255F03-2CAF-4355-82CD-2F0DE1E22819}
		{DE8BD128-3A16-4A1A-9662-72278E2F37D7} = {EDF02D66-7D4D-4314-87C9-EC23B9EFB7A2}
		{F93A9DAF-CA1A-4584-9172-8BB9B070DAA6} = {EDF02D66-7D4D-4314-87C9-EC23B9EFB7A2}
		{AF4B6396-2FE9-4D0B-B588-D9E4E9886C8F} = {EDF02D66-7D4D-4314-87C9-EC23B9EFB7A2}
		{F7127AB4-1A15-443D-A6DF-60B39D1F4A9D} = {EDF02D66-7D4D-4314-87C9-EC23B9EFB7A2}
		{FB04FB79-F2A6-43EC-ACD9-813EC3060F4C} = {EDF02D66-7D4D-4314-87C9-EC23B9EFB7A2}
		{7AA4EE57-F5A1-4789-B95D-E46864AD1A6C} = {EDF02D66-7D4D-4314-87C9-EC23B9EFB7A2}
		{826FE9D6-B2EA-4BAA-9040-37348A7ED863} = {EDF02D66-7D4D-4314-87C9-EC23B9EFB7A2}
		{7F7B68E2-A295-4E66-9384-28DF7410A837} = {EDF02D66-7D4D-4314-87C9-EC23B9EFB7A2}
		{0A8AF90C-7459-4093-8304-50840603211D} = {EDF02D66-7D4D-4314-87C9-EC23B9EFB7A2}
		{E1FC6569-8B37-4933-9BFD-1FB3350819DB} = {EDF02D66-7D4D-4314-87C9-EC23B9EFB7A2}
		{88EAEB10-6881-4421-9D1F-45AA04121001} = {EDF02D66-7D4D-4314-87C9-EC23B9EFB7A2}
		{1C14C5D2-B877-4402-9FC9-F1820EF80631} = {EDF02D66-7D4D-4314-87C9-EC23B9EFB7A2}
		{26E64EAB-5E8B-458A-8184-E7BCAB2E737A} = {EDF02D66-7D4D-4314-87C9-EC23B9EFB7A2}
	EndGlobalSection
EndGlobal
